
Microsoft Visual Studio Solution File, Format Version 12.00
# Visual Studio Version 17
VisualStudioVersion = 17.0.32112.339
MinimumVisualStudioVersion = 10.0.40219.1
Project("{9A19103F-16F7-4668-BE54-9A1E7A4F7556}") = "Reverse a String", "1. Reverse a String\Reverse a String.csproj", "{8C989FA3-84CA-4552-845D-855F201C00A4}"
EndProject
Project("{9A19103F-16F7-4668-BE54-9A1E7A4F7556}") = "Stack Sum", "Stack Sum\Stack Sum.csproj", "{729BA8DD-51C7-4828-AC53-53E95E17279F}"
EndProject
Project("{9A19103F-16F7-4668-BE54-9A1E7A4F7556}") = "Simple Calculator", "Simple Calculator\Simple Calculator.csproj", "{C5E6834C-77BE-48F8-A6C9-5ADD0AE6EAD7}"
EndProject
Project("{9A19103F-16F7-4668-BE54-9A1E7A4F7556}") = "Matching Brackets", "Matching Brackets\Matching Brackets.csproj", "{375FA8B5-CF2C-4FB8-8EE1-703FA01C113B}"
EndProject
Project("{9A19103F-16F7-4668-BE54-9A1E7A4F7556}") = "Print Even Numbers", "Print Even Numbers\Print Even Numbers.csproj", "{239656B6-7DD1-4FB8-8B9B-1FE9118AFB47}"
EndProject
Project("{9A19103F-16F7-4668-BE54-9A1E7A4F7556}") = "Supermarket", "Supermarket\Supermarket.csproj", "{544FA01F-465C-49DA-AED6-92263AC243A1}"
EndProject
Project("{9A19103F-16F7-4668-BE54-9A1E7A4F7556}") = "Hot Potato", "Hot Potato\Hot Potato.csproj", "{9E4A3C48-8FAE-47EB-8B87-62C24447E658}"
EndProject
Project("{9A19103F-16F7-4668-BE54-9A1E7A4F7556}") = "Traffic Jam", "Traffic Jam\Traffic Jam.csproj", "{487FF0CA-6A40-4033-B30A-57B31262C6B0}"
EndProject
Project("{2150E333-8FDC-42A3-9474-1A3956D46DE8}") = "Lab", "Lab", "{553EA282-B821-4D33-B42E-81C49F4D2CC2}"
EndProject
Project("{2150E333-8FDC-42A3-9474-1A3956D46DE8}") = "Exe", "Exe", "{F12D4121-DC7A-4451-BB7C-145E8D5B3022}"
EndProject
Project("{9A19103F-16F7-4668-BE54-9A1E7A4F7556}") = "Basic Stack Operations", "Basic Stack Operations\Basic Stack Operations.csproj", "{164D8009-5F8C-4120-83E3-BBF13DC015E5}"
EndProject
Project("{9A19103F-16F7-4668-BE54-9A1E7A4F7556}") = "Basic Queue Operations", "Basic Queue Operations\Basic Queue Operations.csproj", "{51FB8E62-3D4D-40BA-B26C-BA8783AC48EF}"
EndProject
Project("{9A19103F-16F7-4668-BE54-9A1E7A4F7556}") = "Maximum and Minimum Element", "Maximum and Minimum Element\Maximum and Minimum Element.csproj", "{D0BCF73E-4BAC-4CF4-8A84-C7E5BF0FA5AC}"
EndProject
Project("{9A19103F-16F7-4668-BE54-9A1E7A4F7556}") = "Fast Food", "Fast Food\Fast Food.csproj", "{39A2E0C0-339C-4ADA-A2F4-CDDE8546410D}"
EndProject
Project("{9A19103F-16F7-4668-BE54-9A1E7A4F7556}") = "Fashion Boutique", "Fashion Boutique\Fashion Boutique.csproj", "{25718307-B380-47FE-A07C-FA56EBB75C99}"
EndProject
Project("{9A19103F-16F7-4668-BE54-9A1E7A4F7556}") = "Songs Queue", "Songs Queue\Songs Queue.csproj", "{D851A91F-E2A0-4E7A-9F7C-285D0FAF9FB8}"
EndProject
Project("{9A19103F-16F7-4668-BE54-9A1E7A4F7556}") = "Truck Tour", "Truck Tour\Truck Tour.csproj", "{3CAF8BD9-81AA-43E7-9687-74CC3BBEE422}"
EndProject
Project("{FAE04EC0-301F-11D3-BF4B-00C04F79EFBC}") = "Balanced Parenthesis", "Balanced Parenthesis\Balanced Parenthesis.csproj", "{8E142A10-6E87-4C4F-BD54-9BD64D0598A3}"
EndProject
Global
	GlobalSection(SolutionConfigurationPlatforms) = preSolution
		Debug|Any CPU = Debug|Any CPU
		Release|Any CPU = Release|Any CPU
	EndGlobalSection
	GlobalSection(ProjectConfigurationPlatforms) = postSolution
		{8C989FA3-84CA-4552-845D-855F201C00A4}.Debug|Any CPU.ActiveCfg = Debug|Any CPU
		{8C989FA3-84CA-4552-845D-855F201C00A4}.Debug|Any CPU.Build.0 = Debug|Any CPU
		{8C989FA3-84CA-4552-845D-855F201C00A4}.Release|Any CPU.ActiveCfg = Release|Any CPU
		{8C989FA3-84CA-4552-845D-855F201C00A4}.Release|Any CPU.Build.0 = Release|Any CPU
		{729BA8DD-51C7-4828-AC53-53E95E17279F}.Debug|Any CPU.ActiveCfg = Debug|Any CPU
		{729BA8DD-51C7-4828-AC53-53E95E17279F}.Debug|Any CPU.Build.0 = Debug|Any CPU
		{729BA8DD-51C7-4828-AC53-53E95E17279F}.Release|Any CPU.ActiveCfg = Release|Any CPU
		{729BA8DD-51C7-4828-AC53-53E95E17279F}.Release|Any CPU.Build.0 = Release|Any CPU
		{C5E6834C-77BE-48F8-A6C9-5ADD0AE6EAD7}.Debug|Any CPU.ActiveCfg = Debug|Any CPU
		{C5E6834C-77BE-48F8-A6C9-5ADD0AE6EAD7}.Debug|Any CPU.Build.0 = Debug|Any CPU
		{C5E6834C-77BE-48F8-A6C9-5ADD0AE6EAD7}.Release|Any CPU.ActiveCfg = Release|Any CPU
		{C5E6834C-77BE-48F8-A6C9-5ADD0AE6EAD7}.Release|Any CPU.Build.0 = Release|Any CPU
		{375FA8B5-CF2C-4FB8-8EE1-703FA01C113B}.Debug|Any CPU.ActiveCfg = Debug|Any CPU
		{375FA8B5-CF2C-4FB8-8EE1-703FA01C113B}.Debug|Any CPU.Build.0 = Debug|Any CPU
		{375FA8B5-CF2C-4FB8-8EE1-703FA01C113B}.Release|Any CPU.ActiveCfg = Release|Any CPU
		{375FA8B5-CF2C-4FB8-8EE1-703FA01C113B}.Release|Any CPU.Build.0 = Release|Any CPU
		{239656B6-7DD1-4FB8-8B9B-1FE9118AFB47}.Debug|Any CPU.ActiveCfg = Debug|Any CPU
		{239656B6-7DD1-4FB8-8B9B-1FE9118AFB47}.Debug|Any CPU.Build.0 = Debug|Any CPU
		{239656B6-7DD1-4FB8-8B9B-1FE9118AFB47}.Release|Any CPU.ActiveCfg = Release|Any CPU
		{239656B6-7DD1-4FB8-8B9B-1FE9118AFB47}.Release|Any CPU.Build.0 = Release|Any CPU
		{544FA01F-465C-49DA-AED6-92263AC243A1}.Debug|Any CPU.ActiveCfg = Debug|Any CPU
		{544FA01F-465C-49DA-AED6-92263AC243A1}.Debug|Any CPU.Build.0 = Debug|Any CPU
		{544FA01F-465C-49DA-AED6-92263AC243A1}.Release|Any CPU.ActiveCfg = Release|Any CPU
		{544FA01F-465C-49DA-AED6-92263AC243A1}.Release|Any CPU.Build.0 = Release|Any CPU
		{9E4A3C48-8FAE-47EB-8B87-62C24447E658}.Debug|Any CPU.ActiveCfg = Debug|Any CPU
		{9E4A3C48-8FAE-47EB-8B87-62C24447E658}.Debug|Any CPU.Build.0 = Debug|Any CPU
		{9E4A3C48-8FAE-47EB-8B87-62C24447E658}.Release|Any CPU.ActiveCfg = Release|Any CPU
		{9E4A3C48-8FAE-47EB-8B87-62C24447E658}.Release|Any CPU.Build.0 = Release|Any CPU
		{487FF0CA-6A40-4033-B30A-57B31262C6B0}.Debug|Any CPU.ActiveCfg = Debug|Any CPU
		{487FF0CA-6A40-4033-B30A-57B31262C6B0}.Debug|Any CPU.Build.0 = Debug|Any CPU
		{487FF0CA-6A40-4033-B30A-57B31262C6B0}.Release|Any CPU.ActiveCfg = Release|Any CPU
		{487FF0CA-6A40-4033-B30A-57B31262C6B0}.Release|Any CPU.Build.0 = Release|Any CPU
		{164D8009-5F8C-4120-83E3-BBF13DC015E5}.Debug|Any CPU.ActiveCfg = Debug|Any CPU
		{164D8009-5F8C-4120-83E3-BBF13DC015E5}.Debug|Any CPU.Build.0 = Debug|Any CPU
		{164D8009-5F8C-4120-83E3-BBF13DC015E5}.Release|Any CPU.ActiveCfg = Release|Any CPU
		{164D8009-5F8C-4120-83E3-BBF13DC015E5}.Release|Any CPU.Build.0 = Release|Any CPU
		{51FB8E62-3D4D-40BA-B26C-BA8783AC48EF}.Debug|Any CPU.ActiveCfg = Debug|Any CPU
		{51FB8E62-3D4D-40BA-B26C-BA8783AC48EF}.Debug|Any CPU.Build.0 = Debug|Any CPU
		{51FB8E62-3D4D-40BA-B26C-BA8783AC48EF}.Release|Any CPU.ActiveCfg = Release|Any CPU
		{51FB8E62-3D4D-40BA-B26C-BA8783AC48EF}.Release|Any CPU.Build.0 = Release|Any CPU
		{D0BCF73E-4BAC-4CF4-8A84-C7E5BF0FA5AC}.Debug|Any CPU.ActiveCfg = Debug|Any CPU
		{D0BCF73E-4BAC-4CF4-8A84-C7E5BF0FA5AC}.Debug|Any CPU.Build.0 = Debug|Any CPU
		{D0BCF73E-4BAC-4CF4-8A84-C7E5BF0FA5AC}.Release|Any CPU.ActiveCfg = Release|Any CPU
		{D0BCF73E-4BAC-4CF4-8A84-C7E5BF0FA5AC}.Release|Any CPU.Build.0 = Release|Any CPU
		{39A2E0C0-339C-4ADA-A2F4-CDDE8546410D}.Debug|Any CPU.ActiveCfg = Debug|Any CPU
		{39A2E0C0-339C-4ADA-A2F4-CDDE8546410D}.Debug|Any CPU.Build.0 = Debug|Any CPU
		{39A2E0C0-339C-4ADA-A2F4-CDDE8546410D}.Release|Any CPU.ActiveCfg = Release|Any CPU
		{39A2E0C0-339C-4ADA-A2F4-CDDE8546410D}.Release|Any CPU.Build.0 = Release|Any CPU
		{25718307-B380-47FE-A07C-FA56EBB75C99}.Debug|Any CPU.ActiveCfg = Debug|Any CPU
		{25718307-B380-47FE-A07C-FA56EBB75C99}.Debug|Any CPU.Build.0 = Debug|Any CPU
		{25718307-B380-47FE-A07C-FA56EBB75C99}.Release|Any CPU.ActiveCfg = Release|Any CPU
		{25718307-B380-47FE-A07C-FA56EBB75C99}.Release|Any CPU.Build.0 = Release|Any CPU
		{D851A91F-E2A0-4E7A-9F7C-285D0FAF9FB8}.Debug|Any CPU.ActiveCfg = Debug|Any CPU
		{D851A91F-E2A0-4E7A-9F7C-285D0FAF9FB8}.Debug|Any CPU.Build.0 = Debug|Any CPU
		{D851A91F-E2A0-4E7A-9F7C-285D0FAF9FB8}.Release|Any CPU.ActiveCfg = Release|Any CPU
		{D851A91F-E2A0-4E7A-9F7C-285D0FAF9FB8}.Release|Any CPU.Build.0 = Release|Any CPU
		{3CAF8BD9-81AA-43E7-9687-74CC3BBEE422}.Debug|Any CPU.ActiveCfg = Debug|Any CPU
		{3CAF8BD9-81AA-43E7-9687-74CC3BBEE422}.Debug|Any CPU.Build.0 = Debug|Any CPU
		{3CAF8BD9-81AA-43E7-9687-74CC3BBEE422}.Release|Any CPU.ActiveCfg = Release|Any CPU
		{3CAF8BD9-81AA-43E7-9687-74CC3BBEE422}.Release|Any CPU.Build.0 = Release|Any CPU
		{8E142A10-6E87-4C4F-BD54-9BD64D0598A3}.Debug|Any CPU.ActiveCfg = Debug|Any CPU
		{8E142A10-6E87-4C4F-BD54-9BD64D0598A3}.Debug|Any CPU.Build.0 = Debug|Any CPU
		{8E142A10-6E87-4C4F-BD54-9BD64D0598A3}.Release|Any CPU.ActiveCfg = Release|Any CPU
		{8E142A10-6E87-4C4F-BD54-9BD64D0598A3}.Release|Any CPU.Build.0 = Release|Any CPU
	EndGlobalSection
	GlobalSection(SolutionProperties) = preSolution
		HideSolutionNode = FALSE
	EndGlobalSection
	GlobalSection(NestedProjects) = preSolution
		{8C989FA3-84CA-4552-845D-855F201C00A4} = {553EA282-B821-4D33-B42E-81C49F4D2CC2}
		{729BA8DD-51C7-4828-AC53-53E95E17279F} = {553EA282-B821-4D33-B42E-81C49F4D2CC2}
		{C5E6834C-77BE-48F8-A6C9-5ADD0AE6EAD7} = {553EA282-B821-4D33-B42E-81C49F4D2CC2}
		{375FA8B5-CF2C-4FB8-8EE1-703FA01C113B} = {553EA282-B821-4D33-B42E-81C49F4D2CC2}
		{239656B6-7DD1-4FB8-8B9B-1FE9118AFB47} = {553EA282-B821-4D33-B42E-81C49F4D2CC2}
		{544FA01F-465C-49DA-AED6-92263AC243A1} = {553EA282-B821-4D33-B42E-81C49F4D2CC2}
		{9E4A3C48-8FAE-47EB-8B87-62C24447E658} = {553EA282-B821-4D33-B42E-81C49F4D2CC2}
		{487FF0CA-6A40-4033-B30A-57B31262C6B0} = {553EA282-B821-4D33-B42E-81C49F4D2CC2}
		{164D8009-5F8C-4120-83E3-BBF13DC015E5} = {F12D4121-DC7A-4451-BB7C-145E8D5B3022}
		{51FB8E62-3D4D-40BA-B26C-BA8783AC48EF} = {F12D4121-DC7A-4451-BB7C-145E8D5B3022}
		{D0BCF73E-4BAC-4CF4-8A84-C7E5BF0FA5AC} = {F12D4121-DC7A-4451-BB7C-145E8D5B3022}
		{39A2E0C0-339C-4ADA-A2F4-CDDE8546410D} = {F12D4121-DC7A-4451-BB7C-145E8D5B3022}
		{25718307-B380-47FE-A07C-FA56EBB75C99} = {F12D4121-DC7A-4451-BB7C-145E8D5B3022}
		{D851A91F-E2A0-4E7A-9F7C-285D0FAF9FB8} = {F12D4121-DC7A-4451-BB7C-145E8D5B3022}
		{3CAF8BD9-81AA-43E7-9687-74CC3BBEE422} = {F12D4121-DC7A-4451-BB7C-145E8D5B3022}
		{8E142A10-6E87-4C4F-BD54-9BD64D0598A3} = {F12D4121-DC7A-4451-BB7C-145E8D5B3022}
	EndGlobalSection
	GlobalSection(ExtensibilityGlobals) = postSolution
		SolutionGuid = {A9F1FFE4-30F6-4DF7-A761-0048B332A0F9}
	EndGlobalSection
EndGlobal
