
Microsoft Visual Studio Solution File, Format Version 12.00
# Visual Studio Version 17
VisualStudioVersion = 17.0.32112.339
MinimumVisualStudioVersion = 10.0.40219.1
Project("{9A19103F-16F7-4668-BE54-9A1E7A4F7556}") = "Sum Matrix Elements", "Sum Matrix Elements\Sum Matrix Elements.csproj", "{15AC6B26-654D-4D77-A02A-C09129EB833F}"
EndProject
Project("{9A19103F-16F7-4668-BE54-9A1E7A4F7556}") = "Sum Matrix Columns", "Sum Matrix Columns\Sum Matrix Columns.csproj", "{F1C8ABB3-1031-49EA-9A09-CDD99A088539}"
EndProject
Project("{9A19103F-16F7-4668-BE54-9A1E7A4F7556}") = "Primary Diagonal", "Primary Diagonal\Primary Diagonal.csproj", "{72439CED-B4EA-4226-A05D-07D3A89A06F2}"
EndProject
Project("{9A19103F-16F7-4668-BE54-9A1E7A4F7556}") = "Symbol in Matrix", "Symbol in Matrix\Symbol in Matrix.csproj", "{2D76D36B-C510-4921-9133-D38D8B225C0E}"
EndProject
Project("{9A19103F-16F7-4668-BE54-9A1E7A4F7556}") = "Square With Maximum Sum", "Square With Maximum Sum\Square With Maximum Sum.csproj", "{3056483E-A064-40A5-BA44-DAD1A219DDBF}"
EndProject
Project("{9A19103F-16F7-4668-BE54-9A1E7A4F7556}") = "Jagged-Array Modification", "Jagged-Array Modification\Jagged-Array Modification.csproj", "{D3391B60-2B69-42FF-8218-B5A44DAC95B1}"
EndProject
Project("{9A19103F-16F7-4668-BE54-9A1E7A4F7556}") = "Pascal Triangle", "Pascal Triangle\Pascal Triangle.csproj", "{8B7CE282-93DD-4720-9B9A-46585AC583DA}"
EndProject
Project("{2150E333-8FDC-42A3-9474-1A3956D46DE8}") = "Lab", "Lab", "{29A7F6E7-CB37-4970-9977-5AD065674C23}"
EndProject
Project("{2150E333-8FDC-42A3-9474-1A3956D46DE8}") = "exe", "exe", "{C122759E-8A59-45D4-92F4-26FDCB6CF8C4}"
EndProject
Project("{9A19103F-16F7-4668-BE54-9A1E7A4F7556}") = "Diagonal Difference", "Diagonal Difference\Diagonal Difference.csproj", "{02FE87A4-8AF7-48DE-A714-407A942670B0}"
EndProject
Project("{9A19103F-16F7-4668-BE54-9A1E7A4F7556}") = "2X2 Squares in Matrix", "2X2 Squares in Matrix\2X2 Squares in Matrix.csproj", "{FE374DBE-EB11-44D4-8E36-F3442AB24FD8}"
EndProject
Project("{9A19103F-16F7-4668-BE54-9A1E7A4F7556}") = "Maximal Sum", "Maximal Sum\Maximal Sum.csproj", "{8148AF25-B9F6-40CB-BA9A-B2B09B5152DE}"
EndProject
Project("{9A19103F-16F7-4668-BE54-9A1E7A4F7556}") = "Matrix Shuffling", "Matrix Shuffling\Matrix Shuffling.csproj", "{06822600-4F3D-46DD-91BA-E7344934E83F}"
EndProject
Project("{9A19103F-16F7-4668-BE54-9A1E7A4F7556}") = "Snake Moves", "Snake Moves\Snake Moves.csproj", "{0A527980-7DE5-404B-BADC-E4460A4FCA98}"
EndProject
Project("{9A19103F-16F7-4668-BE54-9A1E7A4F7556}") = "Jagged Array Manipulator", "Jagged Array Manipulator\Jagged Array Manipulator.csproj", "{DFE78AD1-BF80-4101-A523-35B01E106A7A}"
EndProject
Project("{FAE04EC0-301F-11D3-BF4B-00C04F79EFBC}") = "Knight Game", "Knight Game\Knight Game.csproj", "{7D367F7E-FFB1-4F8B-90F8-3D6BA0594EB1}"
EndProject
Global
	GlobalSection(SolutionConfigurationPlatforms) = preSolution
		Debug|Any CPU = Debug|Any CPU
		Release|Any CPU = Release|Any CPU
	EndGlobalSection
	GlobalSection(ProjectConfigurationPlatforms) = postSolution
		{15AC6B26-654D-4D77-A02A-C09129EB833F}.Debug|Any CPU.ActiveCfg = Debug|Any CPU
		{15AC6B26-654D-4D77-A02A-C09129EB833F}.Debug|Any CPU.Build.0 = Debug|Any CPU
		{15AC6B26-654D-4D77-A02A-C09129EB833F}.Release|Any CPU.ActiveCfg = Release|Any CPU
		{15AC6B26-654D-4D77-A02A-C09129EB833F}.Release|Any CPU.Build.0 = Release|Any CPU
		{F1C8ABB3-1031-49EA-9A09-CDD99A088539}.Debug|Any CPU.ActiveCfg = Debug|Any CPU
		{F1C8ABB3-1031-49EA-9A09-CDD99A088539}.Debug|Any CPU.Build.0 = Debug|Any CPU
		{F1C8ABB3-1031-49EA-9A09-CDD99A088539}.Release|Any CPU.ActiveCfg = Release|Any CPU
		{F1C8ABB3-1031-49EA-9A09-CDD99A088539}.Release|Any CPU.Build.0 = Release|Any CPU
		{72439CED-B4EA-4226-A05D-07D3A89A06F2}.Debug|Any CPU.ActiveCfg = Debug|Any CPU
		{72439CED-B4EA-4226-A05D-07D3A89A06F2}.Debug|Any CPU.Build.0 = Debug|Any CPU
		{72439CED-B4EA-4226-A05D-07D3A89A06F2}.Release|Any CPU.ActiveCfg = Release|Any CPU
		{72439CED-B4EA-4226-A05D-07D3A89A06F2}.Release|Any CPU.Build.0 = Release|Any CPU
		{2D76D36B-C510-4921-9133-D38D8B225C0E}.Debug|Any CPU.ActiveCfg = Debug|Any CPU
		{2D76D36B-C510-4921-9133-D38D8B225C0E}.Debug|Any CPU.Build.0 = Debug|Any CPU
		{2D76D36B-C510-4921-9133-D38D8B225C0E}.Release|Any CPU.ActiveCfg = Release|Any CPU
		{2D76D36B-C510-4921-9133-D38D8B225C0E}.Release|Any CPU.Build.0 = Release|Any CPU
		{3056483E-A064-40A5-BA44-DAD1A219DDBF}.Debug|Any CPU.ActiveCfg = Debug|Any CPU
		{3056483E-A064-40A5-BA44-DAD1A219DDBF}.Debug|Any CPU.Build.0 = Debug|Any CPU
		{3056483E-A064-40A5-BA44-DAD1A219DDBF}.Release|Any CPU.ActiveCfg = Release|Any CPU
		{3056483E-A064-40A5-BA44-DAD1A219DDBF}.Release|Any CPU.Build.0 = Release|Any CPU
		{D3391B60-2B69-42FF-8218-B5A44DAC95B1}.Debug|Any CPU.ActiveCfg = Debug|Any CPU
		{D3391B60-2B69-42FF-8218-B5A44DAC95B1}.Debug|Any CPU.Build.0 = Debug|Any CPU
		{D3391B60-2B69-42FF-8218-B5A44DAC95B1}.Release|Any CPU.ActiveCfg = Release|Any CPU
		{D3391B60-2B69-42FF-8218-B5A44DAC95B1}.Release|Any CPU.Build.0 = Release|Any CPU
		{8B7CE282-93DD-4720-9B9A-46585AC583DA}.Debug|Any CPU.ActiveCfg = Debug|Any CPU
		{8B7CE282-93DD-4720-9B9A-46585AC583DA}.Debug|Any CPU.Build.0 = Debug|Any CPU
		{8B7CE282-93DD-4720-9B9A-46585AC583DA}.Release|Any CPU.ActiveCfg = Release|Any CPU
		{8B7CE282-93DD-4720-9B9A-46585AC583DA}.Release|Any CPU.Build.0 = Release|Any CPU
		{02FE87A4-8AF7-48DE-A714-407A942670B0}.Debug|Any CPU.ActiveCfg = Debug|Any CPU
		{02FE87A4-8AF7-48DE-A714-407A942670B0}.Debug|Any CPU.Build.0 = Debug|Any CPU
		{02FE87A4-8AF7-48DE-A714-407A942670B0}.Release|Any CPU.ActiveCfg = Release|Any CPU
		{02FE87A4-8AF7-48DE-A714-407A942670B0}.Release|Any CPU.Build.0 = Release|Any CPU
		{FE374DBE-EB11-44D4-8E36-F3442AB24FD8}.Debug|Any CPU.ActiveCfg = Debug|Any CPU
		{FE374DBE-EB11-44D4-8E36-F3442AB24FD8}.Debug|Any CPU.Build.0 = Debug|Any CPU
		{FE374DBE-EB11-44D4-8E36-F3442AB24FD8}.Release|Any CPU.ActiveCfg = Release|Any CPU
		{FE374DBE-EB11-44D4-8E36-F3442AB24FD8}.Release|Any CPU.Build.0 = Release|Any CPU
		{8148AF25-B9F6-40CB-BA9A-B2B09B5152DE}.Debug|Any CPU.ActiveCfg = Debug|Any CPU
		{8148AF25-B9F6-40CB-BA9A-B2B09B5152DE}.Debug|Any CPU.Build.0 = Debug|Any CPU
		{8148AF25-B9F6-40CB-BA9A-B2B09B5152DE}.Release|Any CPU.ActiveCfg = Release|Any CPU
		{8148AF25-B9F6-40CB-BA9A-B2B09B5152DE}.Release|Any CPU.Build.0 = Release|Any CPU
		{06822600-4F3D-46DD-91BA-E7344934E83F}.Debug|Any CPU.ActiveCfg = Debug|Any CPU
		{06822600-4F3D-46DD-91BA-E7344934E83F}.Debug|Any CPU.Build.0 = Debug|Any CPU
		{06822600-4F3D-46DD-91BA-E7344934E83F}.Release|Any CPU.ActiveCfg = Release|Any CPU
		{06822600-4F3D-46DD-91BA-E7344934E83F}.Release|Any CPU.Build.0 = Release|Any CPU
		{0A527980-7DE5-404B-BADC-E4460A4FCA98}.Debug|Any CPU.ActiveCfg = Debug|Any CPU
		{0A527980-7DE5-404B-BADC-E4460A4FCA98}.Debug|Any CPU.Build.0 = Debug|Any CPU
		{0A527980-7DE5-404B-BADC-E4460A4FCA98}.Release|Any CPU.ActiveCfg = Release|Any CPU
		{0A527980-7DE5-404B-BADC-E4460A4FCA98}.Release|Any CPU.Build.0 = Release|Any CPU
		{DFE78AD1-BF80-4101-A523-35B01E106A7A}.Debug|Any CPU.ActiveCfg = Debug|Any CPU
		{DFE78AD1-BF80-4101-A523-35B01E106A7A}.Debug|Any CPU.Build.0 = Debug|Any CPU
		{DFE78AD1-BF80-4101-A523-35B01E106A7A}.Release|Any CPU.ActiveCfg = Release|Any CPU
		{DFE78AD1-BF80-4101-A523-35B01E106A7A}.Release|Any CPU.Build.0 = Release|Any CPU
		{7D367F7E-FFB1-4F8B-90F8-3D6BA0594EB1}.Debug|Any CPU.ActiveCfg = Debug|Any CPU
		{7D367F7E-FFB1-4F8B-90F8-3D6BA0594EB1}.Debug|Any CPU.Build.0 = Debug|Any CPU
		{7D367F7E-FFB1-4F8B-90F8-3D6BA0594EB1}.Release|Any CPU.ActiveCfg = Release|Any CPU
		{7D367F7E-FFB1-4F8B-90F8-3D6BA0594EB1}.Release|Any CPU.Build.0 = Release|Any CPU
	EndGlobalSection
	GlobalSection(SolutionProperties) = preSolution
		HideSolutionNode = FALSE
	EndGlobalSection
	GlobalSection(NestedProjects) = preSolution
		{15AC6B26-654D-4D77-A02A-C09129EB833F} = {29A7F6E7-CB37-4970-9977-5AD065674C23}
		{F1C8ABB3-1031-49EA-9A09-CDD99A088539} = {29A7F6E7-CB37-4970-9977-5AD065674C23}
		{72439CED-B4EA-4226-A05D-07D3A89A06F2} = {29A7F6E7-CB37-4970-9977-5AD065674C23}
		{2D76D36B-C510-4921-9133-D38D8B225C0E} = {29A7F6E7-CB37-4970-9977-5AD065674C23}
		{3056483E-A064-40A5-BA44-DAD1A219DDBF} = {29A7F6E7-CB37-4970-9977-5AD065674C23}
		{D3391B60-2B69-42FF-8218-B5A44DAC95B1} = {29A7F6E7-CB37-4970-9977-5AD065674C23}
		{8B7CE282-93DD-4720-9B9A-46585AC583DA} = {29A7F6E7-CB37-4970-9977-5AD065674C23}
		{02FE87A4-8AF7-48DE-A714-407A942670B0} = {C122759E-8A59-45D4-92F4-26FDCB6CF8C4}
		{FE374DBE-EB11-44D4-8E36-F3442AB24FD8} = {C122759E-8A59-45D4-92F4-26FDCB6CF8C4}
		{8148AF25-B9F6-40CB-BA9A-B2B09B5152DE} = {C122759E-8A59-45D4-92F4-26FDCB6CF8C4}
		{06822600-4F3D-46DD-91BA-E7344934E83F} = {C122759E-8A59-45D4-92F4-26FDCB6CF8C4}
		{0A527980-7DE5-404B-BADC-E4460A4FCA98} = {C122759E-8A59-45D4-92F4-26FDCB6CF8C4}
		{DFE78AD1-BF80-4101-A523-35B01E106A7A} = {C122759E-8A59-45D4-92F4-26FDCB6CF8C4}
		{7D367F7E-FFB1-4F8B-90F8-3D6BA0594EB1} = {C122759E-8A59-45D4-92F4-26FDCB6CF8C4}
	EndGlobalSection
	GlobalSection(ExtensibilityGlobals) = postSolution
		SolutionGuid = {B53944A6-D183-47C2-9AD2-485E358EB9C9}
	EndGlobalSection
EndGlobal
