
Microsoft Visual Studio Solution File, Format Version 12.00
# Visual Studio Version 17
VisualStudioVersion = 17.0.32112.339
MinimumVisualStudioVersion = 10.0.40219.1
Project("{FAE04EC0-301F-11D3-BF4B-00C04F79EFBC}") = "Single Inheritance", "Single Inheritance\Single Inheritance.csproj", "{807E54DA-D5F7-4EF5-A728-C503B9214C39}"
EndProject
Project("{FAE04EC0-301F-11D3-BF4B-00C04F79EFBC}") = "Multiple Inheritance", "Multiple Inheritance\Multiple Inheritance.csproj", "{B1EC94E3-7F0E-4FD4-AA97-6974E78E8573}"
EndProject
Project("{FAE04EC0-301F-11D3-BF4B-00C04F79EFBC}") = "Hierarchical Inheritance", "Hierarchical Inheritance\Hierarchical Inheritance.csproj", "{400A9ED2-0BB5-4B88-91D4-521DB526CDEC}"
EndProject
Project("{FAE04EC0-301F-11D3-BF4B-00C04F79EFBC}") = "Random List", "Random List\Random List.csproj", "{1A5738A6-78A8-4569-80A4-F75261DD0FE4}"
EndProject
Project("{FAE04EC0-301F-11D3-BF4B-00C04F79EFBC}") = "Stack of Strings", "Stack of Strings\Stack of Strings.csproj", "{1AD6F608-17BA-4EB9-B9E2-8290F1C385A9}"
EndProject
Global
	GlobalSection(SolutionConfigurationPlatforms) = preSolution
		Debug|Any CPU = Debug|Any CPU
		Release|Any CPU = Release|Any CPU
	EndGlobalSection
	GlobalSection(ProjectConfigurationPlatforms) = postSolution
		{807E54DA-D5F7-4EF5-A728-C503B9214C39}.Debug|Any CPU.ActiveCfg = Debug|Any CPU
		{807E54DA-D5F7-4EF5-A728-C503B9214C39}.Debug|Any CPU.Build.0 = Debug|Any CPU
		{807E54DA-D5F7-4EF5-A728-C503B9214C39}.Release|Any CPU.ActiveCfg = Release|Any CPU
		{807E54DA-D5F7-4EF5-A728-C503B9214C39}.Release|Any CPU.Build.0 = Release|Any CPU
		{B1EC94E3-7F0E-4FD4-AA97-6974E78E8573}.Debug|Any CPU.ActiveCfg = Debug|Any CPU
		{B1EC94E3-7F0E-4FD4-AA97-6974E78E8573}.Debug|Any CPU.Build.0 = Debug|Any CPU
		{B1EC94E3-7F0E-4FD4-AA97-6974E78E8573}.Release|Any CPU.ActiveCfg = Release|Any CPU
		{B1EC94E3-7F0E-4FD4-AA97-6974E78E8573}.Release|Any CPU.Build.0 = Release|Any CPU
		{400A9ED2-0BB5-4B88-91D4-521DB526CDEC}.Debug|Any CPU.ActiveCfg = Debug|Any CPU
		{400A9ED2-0BB5-4B88-91D4-521DB526CDEC}.Debug|Any CPU.Build.0 = Debug|Any CPU
		{400A9ED2-0BB5-4B88-91D4-521DB526CDEC}.Release|Any CPU.ActiveCfg = Release|Any CPU
		{400A9ED2-0BB5-4B88-91D4-521DB526CDEC}.Release|Any CPU.Build.0 = Release|Any CPU
		{1A5738A6-78A8-4569-80A4-F75261DD0FE4}.Debug|Any CPU.ActiveCfg = Debug|Any CPU
		{1A5738A6-78A8-4569-80A4-F75261DD0FE4}.Debug|Any CPU.Build.0 = Debug|Any CPU
		{1A5738A6-78A8-4569-80A4-F75261DD0FE4}.Release|Any CPU.ActiveCfg = Release|Any CPU
		{1A5738A6-78A8-4569-80A4-F75261DD0FE4}.Release|Any CPU.Build.0 = Release|Any CPU
		{1AD6F608-17BA-4EB9-B9E2-8290F1C385A9}.Debug|Any CPU.ActiveCfg = Debug|Any CPU
		{1AD6F608-17BA-4EB9-B9E2-8290F1C385A9}.Debug|Any CPU.Build.0 = Debug|Any CPU
		{1AD6F608-17BA-4EB9-B9E2-8290F1C385A9}.Release|Any CPU.ActiveCfg = Release|Any CPU
		{1AD6F608-17BA-4EB9-B9E2-8290F1C385A9}.Release|Any CPU.Build.0 = Release|Any CPU
	EndGlobalSection
	GlobalSection(SolutionProperties) = preSolution
		HideSolutionNode = FALSE
	EndGlobalSection
	GlobalSection(ExtensibilityGlobals) = postSolution
		SolutionGuid = {26C3CF10-88EE-44A8-AC4A-00CD4D0F1985}
	EndGlobalSection
EndGlobal
